# THIS IS AN AUTOGENERATED FILE. DO NOT EDIT THIS FILE DIRECTLY.
# yarn lockfile v1


liquidjs@^8.0.2:
  version "8.0.2"
  resolved "https://registry.yarnpkg.com/liquidjs/-/liquidjs-8.0.2.tgz#d093ef47dc8d04a3b2b543a571b49ab56c7d55ac"
  integrity sha512-sBSMtwkCdDrxfXqFSuh1XmuHR4/7FDCXGdZuduu/ckDOGVjRiIbNV+jGWWnJspq8WA5mdR6V9hR/mrCiPSFzww==
